
Microsoft Visual Studio Solution File, Format Version 12.00
# Visual Studio 15
VisualStudioVersion = 15.0.27428.2043
MinimumVisualStudioVersion = 10.0.40219.1
Project("{8BC9CEB8-8B4A-11D0-8D11-00A0C91BC942}") = "solver", "solver\solver.vcxproj", "{55B5945E-B7D6-4BAD-9736-42A966035640}"
EndProject
Global
	GlobalSection(SolutionConfigurationPlatforms) = preSolution
		Debug|x64 = Debug|x64
		Debug|x86 = Debug|x86
		Release|x64 = Release|x64
		Release|x86 = Release|x86
	EndGlobalSection
	GlobalSection(ProjectConfigurationPlatforms) = postSolution
		{55B5945E-B7D6-4BAD-9736-42A966035640}.Debug|x64.ActiveCfg = Debug|x64
		{55B5945E-B7D6-4BAD-9736-42A966035640}.Debug|x64.Build.0 = Debug|x64
		{55B5945E-B7D6-4BAD-9736-42A966035640}.Debug|x86.ActiveCfg = Debug|Win32
		{55B5945E-B7D6-4BAD-9736-42A966035640}.Debug|x86.Build.0 = Debug|Win32
		{55B5945E-B7D6-4BAD-9736-42A966035640}.Release|x64.ActiveCfg = Release|x64
		{55B5945E-B7D6-4BAD-9736-42A966035640}.Release|x64.Build.0 = Release|x64
		{55B5945E-B7D6-4BAD-9736-42A966035640}.Release|x86.ActiveCfg = Release|Win32
		{55B5945E-B7D6-4BAD-9736-42A966035640}.Release|x86.Build.0 = Release|Win32
	EndGlobalSection
	GlobalSection(SolutionProperties) = preSolution
		HideSolutionNode = FALSE
	EndGlobalSection
	GlobalSection(ExtensibilityGlobals) = postSolution
		SolutionGuid = {2867E1B7-94D1-4BEE-9D90-509760172C9C}
	EndGlobalSection
EndGlobal
